
Microsoft Visual Studio Solution File, Format Version 12.00
# Visual Studio 15
VisualStudioVersion = 15.0.26730.16
MinimumVisualStudioVersion = 10.0.40219.1
Project("{8BC9CEB8-8B4A-11D0-8D11-00A0C91BC942}") = "KAO2_PAK", "KAO2_PAK\KAO2_PAK.vcxproj", "{7A43C11E-4EDC-43F5-A400-8412865831AA}"
EndProject
Global
	GlobalSection(SolutionConfigurationPlatforms) = preSolution
		Debug|x86 = Debug|x86
		Release|x86 = Release|x86
	EndGlobalSection
	GlobalSection(ProjectConfigurationPlatforms) = postSolution
		{7A43C11E-4EDC-43F5-A400-8412865831AA}.Debug|x86.ActiveCfg = Debug|Win32
		{7A43C11E-4EDC-43F5-A400-8412865831AA}.Debug|x86.Build.0 = Debug|Win32
		{7A43C11E-4EDC-43F5-A400-8412865831AA}.Release|x86.ActiveCfg = Debug|Win32
		{7A43C11E-4EDC-43F5-A400-8412865831AA}.Release|x86.Build.0 = Debug|Win32
	EndGlobalSection
	GlobalSection(SolutionProperties) = preSolution
		HideSolutionNode = FALSE
	EndGlobalSection
	GlobalSection(ExtensibilityGlobals) = postSolution
		SolutionGuid = {D2E505C2-E821-4DAC-9132-1DD3DAC83C03}
	EndGlobalSection
EndGlobal
